{
  "name": "chatroom",
  "version": "1.0.0",
  "lockfileVersion": 1,
  "requires": true,
  "dependencies": {
    "accepts": {
      "version": "1.3.4",
      "resolved": "http://registry.npm.taobao.org/accepts/download/accepts-1.3.4.tgz",
      "requires": {
        "mime-types": "2.1.17",
        "negotiator": "0.6.1"
      }
    },
    "after": {
      "version": "0.8.2",
      "resolved": "http://registry.npm.taobao.org/after/download/after-0.8.2.tgz"
    },
    "array-flatten": {
      "version": "1.1.1",
      "resolved": "http://registry.npm.taobao.org/array-flatten/download/array-flatten-1.1.1.tgz"
    },
    "arraybuffer.slice": {
      "version": "0.0.6",
      "resolved": "http://registry.npm.taobao.org/arraybuffer.slice/download/arraybuffer.slice-0.0.6.tgz"
    },
    "async-limiter": {
      "version": "1.0.0",
      "resolved": "http://registry.npm.taobao.org/async-limiter/download/async-limiter-1.0.0.tgz"
    },
    "backo2": {
      "version": "1.0.2",
      "resolved": "http://registry.npm.taobao.org/backo2/download/backo2-1.0.2.tgz"
    },
    "base64-arraybuffer": {
      "version": "0.1.5",
      "resolved": "http://registry.npm.taobao.org/base64-arraybuffer/download/base64-arraybuffer-0.1.5.tgz"
    },
    "base64id": {
      "version": "1.0.0",
      "resolved": "http://registry.npm.taobao.org/base64id/download/base64id-1.0.0.tgz"
    },
    "better-assert": {
      "version": "1.0.2",
      "resolved": "http://registry.npm.taobao.org/better-assert/download/better-assert-1.0.2.tgz",
      "requires": {
        "callsite": "1.0.0"
      }
    },
    "blob": {
      "version": "0.0.4",
      "resolved": "http://registry.npm.taobao.org/blob/download/blob-0.0.4.tgz"
    },
    "body-parser": {
      "version": "1.18.2",
      "resolved": "http://registry.npm.taobao.org/body-parser/download/body-parser-1.18.2.tgz",
      "requires": {
        "bytes": "3.0.0",
        "content-type": "1.0.4",
        "debug": "2.6.9",
        "depd": "1.1.1",
        "http-errors": "1.6.2",
        "iconv-lite": "0.4.19",
        "on-finished": "2.3.0",
        "qs": "6.5.1",
        "raw-body": "2.3.2",
        "type-is": "1.6.15"
      }
    },
    "bytes": {
      "version": "3.0.0",
      "resolved": "http://registry.npm.taobao.org/bytes/download/bytes-3.0.0.tgz"
    },
    "callsite": {
      "version": "1.0.0",
      "resolved": "http://registry.npm.taobao.org/callsite/download/callsite-1.0.0.tgz"
    },
    "component-bind": {
      "version": "1.0.0",
      "resolved": "http://registry.npm.taobao.org/component-bind/download/component-bind-1.0.0.tgz"
    },
    "component-emitter": {
      "version": "1.2.1",
      "resolved": "http://registry.npm.taobao.org/component-emitter/download/component-emitter-1.2.1.tgz"
    },
    "component-inherit": {
      "version": "0.0.3",
      "resolved": "http://registry.npm.taobao.org/component-inherit/download/component-inherit-0.0.3.tgz"
    },
    "content-disposition": {
      "version": "0.5.2",
      "resolved": "http://registry.npm.taobao.org/content-disposition/download/content-disposition-0.5.2.tgz"
    },
    "content-type": {
      "version": "1.0.4",
      "resolved": "http://registry.npm.taobao.org/content-type/download/content-type-1.0.4.tgz"
    },
    "cookie": {
      "version": "0.3.1",
      "resolved": "http://registry.npm.taobao.org/cookie/download/cookie-0.3.1.tgz"
    },
    "cookie-parser": {
      "version": "1.4.3",
      "resolved": "http://registry.npm.taobao.org/cookie-parser/download/cookie-parser-1.4.3.tgz",
      "integrity": "sha1-D+MfoZ0AC5X0qt8fU/3CuKIDuqU=",
      "requires": {
        "cookie": "0.3.1",
        "cookie-signature": "1.0.6"
      }
    },
    "cookie-signature": {
      "version": "1.0.6",
      "resolved": "http://registry.npm.taobao.org/cookie-signature/download/cookie-signature-1.0.6.tgz"
    },
    "debug": {
      "version": "2.6.9",
      "resolved": "http://registry.npm.taobao.org/debug/download/debug-2.6.9.tgz",
      "requires": {
        "ms": "2.0.0"
      }
    },
    "depd": {
      "version": "1.1.1",
      "resolved": "http://registry.npm.taobao.org/depd/download/depd-1.1.1.tgz"
    },
    "destroy": {
      "version": "1.0.4",
      "resolved": "http://registry.npm.taobao.org/destroy/download/destroy-1.0.4.tgz"
    },
    "ee-first": {
      "version": "1.1.1",
      "resolved": "http://registry.npm.taobao.org/ee-first/download/ee-first-1.1.1.tgz"
    },
    "encodeurl": {
      "version": "1.0.1",
      "resolved": "http://registry.npm.taobao.org/encodeurl/download/encodeurl-1.0.1.tgz"
    },
    "engine.io": {
      "version": "3.1.4",
      "resolved": "http://registry.npm.taobao.org/engine.io/download/engine.io-3.1.4.tgz",
      "requires": {
        "accepts": "1.3.3",
        "base64id": "1.0.0",
        "cookie": "0.3.1",
        "debug": "2.6.9",
        "engine.io-parser": "2.1.1",
        "uws": "0.14.5",
        "ws": "3.3.2"
      },
      "dependencies": {
        "accepts": {
          "version": "1.3.3",
          "bundled": true,
          "requires": {
            "mime-types": "2.1.17",
            "negotiator": "0.6.1"
          },
          "dependencies": {
            "mime-db": {
              "version": "1.30.0",
              "bundled": true
            },
            "mime-types": {
              "version": "2.1.17",
              "bundled": true,
              "requires": {
                "mime-db": "1.30.0"
              }
            },
            "negotiator": {
              "version": "0.6.1",
              "bundled": true
            }
          }
        }
      }
    },
    "engine.io-client": {
      "version": "3.1.4",
      "resolved": "http://registry.npm.taobao.org/engine.io-client/download/engine.io-client-3.1.4.tgz",
      "requires": {
        "component-emitter": "1.2.1",
        "component-inherit": "0.0.3",
        "debug": "2.6.9",
        "engine.io-parser": "2.1.1",
        "has-cors": "1.1.0",
        "indexof": "0.0.1",
        "parseqs": "0.0.5",
        "parseuri": "0.0.5",
        "ws": "3.3.2",
        "xmlhttprequest-ssl": "1.5.4",
        "yeast": "0.1.2"
      }
    },
    "engine.io-parser": {
      "version": "2.1.1",
      "resolved": "http://registry.npm.taobao.org/engine.io-parser/download/engine.io-parser-2.1.1.tgz",
      "requires": {
        "after": "0.8.2",
        "arraybuffer.slice": "0.0.6",
        "base64-arraybuffer": "0.1.5",
        "blob": "0.0.4",
        "has-binary2": "1.0.2"
      }
    },
    "escape-html": {
      "version": "1.0.3",
      "resolved": "http://registry.npm.taobao.org/escape-html/download/escape-html-1.0.3.tgz"
    },
    "etag": {
      "version": "1.8.1",
      "resolved": "http://registry.npm.taobao.org/etag/download/etag-1.8.1.tgz"
    },
    "express": {
      "version": "4.16.2",
      "resolved": "http://registry.npm.taobao.org/express/download/express-4.16.2.tgz",
      "requires": {
        "accepts": "1.3.4",
        "array-flatten": "1.1.1",
        "body-parser": "1.18.2",
        "content-disposition": "0.5.2",
        "content-type": "1.0.4",
        "cookie": "0.3.1",
        "cookie-signature": "1.0.6",
        "debug": "2.6.9",
        "depd": "1.1.1",
        "encodeurl": "1.0.1",
        "escape-html": "1.0.3",
        "etag": "1.8.1",
        "finalhandler": "1.1.0",
        "fresh": "0.5.2",
        "merge-descriptors": "1.0.1",
        "methods": "1.1.2",
        "on-finished": "2.3.0",
        "parseurl": "1.3.2",
        "path-to-regexp": "0.1.7",
        "proxy-addr": "2.0.2",
        "qs": "6.5.1",
        "range-parser": "1.2.0",
        "safe-buffer": "5.1.1",
        "send": "0.16.1",
        "serve-static": "1.13.1",
        "setprototypeof": "1.1.0",
        "statuses": "1.3.1",
        "type-is": "1.6.15",
        "utils-merge": "1.0.1",
        "vary": "1.1.2"
      }
    },
    "finalhandler": {
      "version": "1.1.0",
      "resolved": "http://registry.npm.taobao.org/finalhandler/download/finalhandler-1.1.0.tgz",
      "requires": {
        "debug": "2.6.9",
        "encodeurl": "1.0.1",
        "escape-html": "1.0.3",
        "on-finished": "2.3.0",
        "parseurl": "1.3.2",
        "statuses": "1.3.1",
        "unpipe": "1.0.0"
      }
    },
    "forwarded": {
      "version": "0.1.2",
      "resolved": "http://registry.npm.taobao.org/forwarded/download/forwarded-0.1.2.tgz"
    },
    "fresh": {
      "version": "0.5.2",
      "resolved": "http://registry.npm.taobao.org/fresh/download/fresh-0.5.2.tgz"
    },
    "has-binary2": {
      "version": "1.0.2",
      "resolved": "http://registry.npm.taobao.org/has-binary2/download/has-binary2-1.0.2.tgz",
      "requires": {
        "isarray": "2.0.1"
      }
    },
    "has-cors": {
      "version": "1.1.0",
      "resolved": "http://registry.npm.taobao.org/has-cors/download/has-cors-1.1.0.tgz"
    },
    "http-errors": {
      "version": "1.6.2",
      "resolved": "http://registry.npm.taobao.org/http-errors/download/http-errors-1.6.2.tgz",
      "requires": {
        "depd": "1.1.1",
        "inherits": "2.0.3",
        "setprototypeof": "1.0.3",
        "statuses": "1.3.1"
      },
      "dependencies": {
        "setprototypeof": {
          "version": "1.0.3",
          "resolved": "http://registry.npm.taobao.org/setprototypeof/download/setprototypeof-1.0.3.tgz"
        }
      }
    },
    "iconv-lite": {
      "version": "0.4.19",
      "resolved": "http://registry.npm.taobao.org/iconv-lite/download/iconv-lite-0.4.19.tgz"
    },
    "indexof": {
      "version": "0.0.1",
      "resolved": "http://registry.npm.taobao.org/indexof/download/indexof-0.0.1.tgz"
    },
    "inherits": {
      "version": "2.0.3",
      "resolved": "http://registry.npm.taobao.org/inherits/download/inherits-2.0.3.tgz"
    },
    "ipaddr.js": {
      "version": "1.5.2",
      "resolved": "http://registry.npm.taobao.org/ipaddr.js/download/ipaddr.js-1.5.2.tgz"
    },
    "isarray": {
      "version": "2.0.1",
      "resolved": "http://registry.npm.taobao.org/isarray/download/isarray-2.0.1.tgz"
    },
    "media-typer": {
      "version": "0.3.0",
      "resolved": "http://registry.npm.taobao.org/media-typer/download/media-typer-0.3.0.tgz"
    },
    "merge-descriptors": {
      "version": "1.0.1",
      "resolved": "http://registry.npm.taobao.org/merge-descriptors/download/merge-descriptors-1.0.1.tgz"
    },
    "methods": {
      "version": "1.1.2",
      "resolved": "http://registry.npm.taobao.org/methods/download/methods-1.1.2.tgz"
    },
    "mime": {
      "version": "1.4.1",
      "resolved": "http://registry.npm.taobao.org/mime/download/mime-1.4.1.tgz"
    },
    "mime-db": {
      "version": "1.30.0",
      "resolved": "http://registry.npm.taobao.org/mime-db/download/mime-db-1.30.0.tgz"
    },
    "mime-types": {
      "version": "2.1.17",
      "resolved": "http://registry.npm.taobao.org/mime-types/download/mime-types-2.1.17.tgz",
      "requires": {
        "mime-db": "1.30.0"
      }
    },
    "ms": {
      "version": "2.0.0",
      "resolved": "http://registry.npm.taobao.org/ms/download/ms-2.0.0.tgz",
      "integrity": "sha1-VgiurfwAvmwpAd9fmGF4jeDVl8g="
    },
    "negotiator": {
      "version": "0.6.1",
      "resolved": "http://registry.npm.taobao.org/negotiator/download/negotiator-0.6.1.tgz"
    },
    "object-component": {
      "version": "0.0.3",
      "resolved": "http://registry.npm.taobao.org/object-component/download/object-component-0.0.3.tgz"
    },
    "on-finished": {
      "version": "2.3.0",
      "resolved": "http://registry.npm.taobao.org/on-finished/download/on-finished-2.3.0.tgz",
      "requires": {
        "ee-first": "1.1.1"
      }
    },
    "parseqs": {
      "version": "0.0.5",
      "resolved": "http://registry.npm.taobao.org/parseqs/download/parseqs-0.0.5.tgz",
      "requires": {
        "better-assert": "1.0.2"
      }
    },
    "parseuri": {
      "version": "0.0.5",
      "resolved": "http://registry.npm.taobao.org/parseuri/download/parseuri-0.0.5.tgz",
      "requires": {
        "better-assert": "1.0.2"
      }
    },
    "parseurl": {
      "version": "1.3.2",
      "resolved": "http://registry.npm.taobao.org/parseurl/download/parseurl-1.3.2.tgz"
    },
    "path-to-regexp": {
      "version": "0.1.7",
      "resolved": "http://registry.npm.taobao.org/path-to-regexp/download/path-to-regexp-0.1.7.tgz"
    },
    "proxy-addr": {
      "version": "2.0.2",
      "resolved": "http://registry.npm.taobao.org/proxy-addr/download/proxy-addr-2.0.2.tgz",
      "requires": {
        "forwarded": "0.1.2",
        "ipaddr.js": "1.5.2"
      }
    },
    "qs": {
      "version": "6.5.1",
      "resolved": "http://registry.npm.taobao.org/qs/download/qs-6.5.1.tgz"
    },
    "range-parser": {
      "version": "1.2.0",
      "resolved": "http://registry.npm.taobao.org/range-parser/download/range-parser-1.2.0.tgz"
    },
    "raw-body": {
      "version": "2.3.2",
      "resolved": "http://registry.npm.taobao.org/raw-body/download/raw-body-2.3.2.tgz",
      "requires": {
        "bytes": "3.0.0",
        "http-errors": "1.6.2",
        "iconv-lite": "0.4.19",
        "unpipe": "1.0.0"
      }
    },
    "safe-buffer": {
      "version": "5.1.1",
      "resolved": "http://registry.npm.taobao.org/safe-buffer/download/safe-buffer-5.1.1.tgz"
    },
    "send": {
      "version": "0.16.1",
      "resolved": "http://registry.npm.taobao.org/send/download/send-0.16.1.tgz",
      "requires": {
        "debug": "2.6.9",
        "depd": "1.1.1",
        "destroy": "1.0.4",
        "encodeurl": "1.0.1",
        "escape-html": "1.0.3",
        "etag": "1.8.1",
        "fresh": "0.5.2",
        "http-errors": "1.6.2",
        "mime": "1.4.1",
        "ms": "2.0.0",
        "on-finished": "2.3.0",
        "range-parser": "1.2.0",
        "statuses": "1.3.1"
      }
    },
    "serve-static": {
      "version": "1.13.1",
      "resolved": "http://registry.npm.taobao.org/serve-static/download/serve-static-1.13.1.tgz",
      "requires": {
        "encodeurl": "1.0.1",
        "escape-html": "1.0.3",
        "parseurl": "1.3.2",
        "send": "0.16.1"
      }
    },
    "setprototypeof": {
      "version": "1.1.0",
      "resolved": "http://registry.npm.taobao.org/setprototypeof/download/setprototypeof-1.1.0.tgz"
    },
    "socket.io": {
      "version": "2.0.4",
      "resolved": "http://registry.npm.taobao.org/socket.io/download/socket.io-2.0.4.tgz",
      "requires": {
        "debug": "2.6.9",
        "engine.io": "3.1.4",
        "socket.io-adapter": "1.1.1",
        "socket.io-client": "2.0.4",
        "socket.io-parser": "3.1.2"
      }
    },
    "socket.io-adapter": {
      "version": "1.1.1",
      "resolved": "http://registry.npm.taobao.org/socket.io-adapter/download/socket.io-adapter-1.1.1.tgz"
    },
    "socket.io-client": {
      "version": "2.0.4",
      "resolved": "http://registry.npm.taobao.org/socket.io-client/download/socket.io-client-2.0.4.tgz",
      "requires": {
        "backo2": "1.0.2",
        "base64-arraybuffer": "0.1.5",
        "component-bind": "1.0.0",
        "component-emitter": "1.2.1",
        "debug": "2.6.9",
        "engine.io-client": "3.1.4",
        "has-cors": "1.1.0",
        "indexof": "0.0.1",
        "object-component": "0.0.3",
        "parseqs": "0.0.5",
        "parseuri": "0.0.5",
        "socket.io-parser": "3.1.2",
        "to-array": "0.1.4"
      }
    },
    "socket.io-parser": {
      "version": "3.1.2",
      "resolved": "http://registry.npm.taobao.org/socket.io-parser/download/socket.io-parser-3.1.2.tgz",
      "requires": {
        "component-emitter": "1.2.1",
        "debug": "2.6.9",
        "has-binary2": "1.0.2",
        "isarray": "2.0.1"
      }
    },
    "statuses": {
      "version": "1.3.1",
      "resolved": "http://registry.npm.taobao.org/statuses/download/statuses-1.3.1.tgz",
      "integrity": "sha1-+vUbnrdKrvOzrPStX2Gr8ky3uT4="
    },
    "to-array": {
      "version": "0.1.4",
      "resolved": "http://registry.npm.taobao.org/to-array/download/to-array-0.1.4.tgz"
    },
    "type-is": {
      "version": "1.6.15",
      "resolved": "http://registry.npm.taobao.org/type-is/download/type-is-1.6.15.tgz",
      "requires": {
        "media-typer": "0.3.0",
        "mime-types": "2.1.17"
      }
    },
    "ultron": {
      "version": "1.1.1",
      "resolved": "http://registry.npm.taobao.org/ultron/download/ultron-1.1.1.tgz"
    },
    "unpipe": {
      "version": "1.0.0",
      "resolved": "http://registry.npm.taobao.org/unpipe/download/unpipe-1.0.0.tgz"
    },
    "utils-merge": {
      "version": "1.0.1",
      "resolved": "http://registry.npm.taobao.org/utils-merge/download/utils-merge-1.0.1.tgz"
    },
    "uws": {
      "version": "0.14.5",
      "resolved": "http://registry.npm.taobao.org/uws/download/uws-0.14.5.tgz",
      "optional": true
    },
    "vary": {
      "version": "1.1.2",
      "resolved": "http://registry.npm.taobao.org/vary/download/vary-1.1.2.tgz"
    },
    "ws": {
      "version": "3.3.2",
      "resolved": "http://registry.npm.taobao.org/ws/download/ws-3.3.2.tgz",
      "requires": {
        "async-limiter": "1.0.0",
        "safe-buffer": "5.1.1",
        "ultron": "1.1.1"
      }
    },
    "xmlhttprequest-ssl": {
      "version": "1.5.4",
      "resolved": "http://registry.npm.taobao.org/xmlhttprequest-ssl/download/xmlhttprequest-ssl-1.5.4.tgz"
    },
    "yeast": {
      "version": "0.1.2",
      "resolved": "http://registry.npm.taobao.org/yeast/download/yeast-0.1.2.tgz"
    }
  }
}
